
Microsoft Visual Studio Solution File, Format Version 12.00
# Visual Studio 15
VisualStudioVersion = 15.0.27428.2015
MinimumVisualStudioVersion = 10.0.40219.1
Project("{FAE04EC0-301F-11D3-BF4B-00C04F79EFBC}") = "Plus1", "Plus1\Plus1.csproj", "{C5BFCA62-4EB4-4166-9D45-278BE9E03429}"
EndProject
Project("{FAE04EC0-301F-11D3-BF4B-00C04F79EFBC}") = "DatabaseUpdater", "DatabaseUpdater\DatabaseUpdater.csproj", "{4CC99D9B-D9FB-4700-BE82-C5D576D63B04}"
EndProject
Project("{FAE04EC0-301F-11D3-BF4B-00C04F79EFBC}") = "DatabaseUpdater V2", "DatabaseUpdater V2\DatabaseUpdater V2.csproj", "{485DF6DD-5CF2-4491-AC9E-7BC99B275FE8}"
EndProject
Project("{FAE04EC0-301F-11D3-BF4B-00C04F79EFBC}") = "DatabaseUpdater V3", "DatabaseUpdater V3\DatabaseUpdater V3.csproj", "{A43E46C8-E95D-4C8D-8124-7D3CC988E907}"
EndProject
Global
	GlobalSection(SolutionConfigurationPlatforms) = preSolution
		Debug|Any CPU = Debug|Any CPU
		Release|Any CPU = Release|Any CPU
	EndGlobalSection
	GlobalSection(ProjectConfigurationPlatforms) = postSolution
		{C5BFCA62-4EB4-4166-9D45-278BE9E03429}.Debug|Any CPU.ActiveCfg = Debug|Any CPU
		{C5BFCA62-4EB4-4166-9D45-278BE9E03429}.Debug|Any CPU.Build.0 = Debug|Any CPU
		{C5BFCA62-4EB4-4166-9D45-278BE9E03429}.Release|Any CPU.ActiveCfg = Release|Any CPU
		{C5BFCA62-4EB4-4166-9D45-278BE9E03429}.Release|Any CPU.Build.0 = Release|Any CPU
		{4CC99D9B-D9FB-4700-BE82-C5D576D63B04}.Debug|Any CPU.ActiveCfg = Debug|Any CPU
		{4CC99D9B-D9FB-4700-BE82-C5D576D63B04}.Debug|Any CPU.Build.0 = Debug|Any CPU
		{4CC99D9B-D9FB-4700-BE82-C5D576D63B04}.Release|Any CPU.ActiveCfg = Release|Any CPU
		{4CC99D9B-D9FB-4700-BE82-C5D576D63B04}.Release|Any CPU.Build.0 = Release|Any CPU
		{485DF6DD-5CF2-4491-AC9E-7BC99B275FE8}.Debug|Any CPU.ActiveCfg = Debug|Any CPU
		{485DF6DD-5CF2-4491-AC9E-7BC99B275FE8}.Debug|Any CPU.Build.0 = Debug|Any CPU
		{485DF6DD-5CF2-4491-AC9E-7BC99B275FE8}.Release|Any CPU.ActiveCfg = Release|Any CPU
		{485DF6DD-5CF2-4491-AC9E-7BC99B275FE8}.Release|Any CPU.Build.0 = Release|Any CPU
		{A43E46C8-E95D-4C8D-8124-7D3CC988E907}.Debug|Any CPU.ActiveCfg = Debug|Any CPU
		{A43E46C8-E95D-4C8D-8124-7D3CC988E907}.Debug|Any CPU.Build.0 = Debug|Any CPU
		{A43E46C8-E95D-4C8D-8124-7D3CC988E907}.Release|Any CPU.ActiveCfg = Release|Any CPU
		{A43E46C8-E95D-4C8D-8124-7D3CC988E907}.Release|Any CPU.Build.0 = Release|Any CPU
	EndGlobalSection
	GlobalSection(SolutionProperties) = preSolution
		HideSolutionNode = FALSE
	EndGlobalSection
	GlobalSection(ExtensibilityGlobals) = postSolution
		SolutionGuid = {DCE2FD54-BBA4-4DA1-A4B5-B73EC45C772A}
	EndGlobalSection
EndGlobal
